
Microsoft Visual Studio Solution File, Format Version 12.00
# Visual Studio Version 16
VisualStudioVersion = 16.0.28803.202
MinimumVisualStudioVersion = 10.0.40219.1
Project("{FAE04EC0-301F-11D3-BF4B-00C04F79EFBC}") = "PianoEnhancer", "PianoEnhancer\PianoEnhancer.csproj", "{6FC6D5EC-207A-4A6B-A76C-84D404E4CFD0}"
EndProject
Global
	GlobalSection(SolutionConfigurationPlatforms) = preSolution
		Debug|Any CPU = Debug|Any CPU
		Release|Any CPU = Release|Any CPU
	EndGlobalSection
	GlobalSection(ProjectConfigurationPlatforms) = postSolution
		{6FC6D5EC-207A-4A6B-A76C-84D404E4CFD0}.Debug|Any CPU.ActiveCfg = Debug|Any CPU
		{6FC6D5EC-207A-4A6B-A76C-84D404E4CFD0}.Debug|Any CPU.Build.0 = Debug|Any CPU
		{6FC6D5EC-207A-4A6B-A76C-84D404E4CFD0}.Release|Any CPU.ActiveCfg = Release|Any CPU
		{6FC6D5EC-207A-4A6B-A76C-84D404E4CFD0}.Release|Any CPU.Build.0 = Release|Any CPU
	EndGlobalSection
	GlobalSection(SolutionProperties) = preSolution
		HideSolutionNode = FALSE
	EndGlobalSection
	GlobalSection(ExtensibilityGlobals) = postSolution
		SolutionGuid = {E070AE8B-DEA8-40AB-A973-120660E1937F}
	EndGlobalSection
EndGlobal
